{
  "name": "miniprogram-3",
  "lockfileVersion": 2,
  "requires": true,
  "packages": {
    "": {
      "dependencies": {
        "tdesign-miniprogram": "^1.2.3"
      }
    },
    "node_modules/dayjs": {
      "version": "1.11.10",
      "resolved": "https://registry.npmjs.org/dayjs/-/dayjs-1.11.10.tgz",
      "integrity": "sha512-vjAczensTgRcqDERK0SR2XMwsF/tSvnvlv6VcF2GIhg6Sx4yOIt/irsr1RDJsKiIyBzJDpCoXiWWq28MqH2cnQ=="
    },
    "node_modules/tdesign-miniprogram": {
      "version": "1.2.3",
      "resolved": "https://registry.npmjs.org/tdesign-miniprogram/-/tdesign-miniprogram-1.2.3.tgz",
      "integrity": "sha512-hT10cp9lw1heQ5JL7vKWcQX+4fpZpF06kZB0bOf3wCggVGr9jbgGtjSw+gn//kO6CLJBNnKIHfkTs9AYDwo5WA==",
      "dependencies": {
        "dayjs": "^1.10.7"
      }
    }
  },
  "dependencies": {
    "dayjs": {
      "version": "1.11.10",
      "resolved": "https://registry.npmjs.org/dayjs/-/dayjs-1.11.10.tgz",
      "integrity": "sha512-vjAczensTgRcqDERK0SR2XMwsF/tSvnvlv6VcF2GIhg6Sx4yOIt/irsr1RDJsKiIyBzJDpCoXiWWq28MqH2cnQ=="
    },
    "tdesign-miniprogram": {
      "version": "1.2.3",
      "resolved": "https://registry.npmjs.org/tdesign-miniprogram/-/tdesign-miniprogram-1.2.3.tgz",
      "integrity": "sha512-hT10cp9lw1heQ5JL7vKWcQX+4fpZpF06kZB0bOf3wCggVGr9jbgGtjSw+gn//kO6CLJBNnKIHfkTs9AYDwo5WA==",
      "requires": {
        "dayjs": "^1.10.7"
      }
    }
  }
}
